{
  "name": "martian_imperial_year_table",
  "version": "1.0.0",
  "lockfileVersion": 1,
  "requires": true,
  "dependencies": {
    "bulma": {
      "version": "0.7.4",
      "resolved": "https://registry.npmjs.org/bulma/-/bulma-0.7.4.tgz",
      "integrity": "sha512-krG2rP6eAX1WE0sf6O0SC/FUVSOBX4m1PBC2+GKLpb2pX0qanaDqcv9U2nu75egFrsHkI0zdWYuk/oGwoszVWg=="
    },
    "hyperapp": {
      "version": "1.2.9",
      "resolved": "https://registry.npmjs.org/hyperapp/-/hyperapp-1.2.9.tgz",
      "integrity": "sha512-bIzi12am7pyQ5nc2qnQpN6GWonjdJp+AghY7j9H9L0vccM1OQ3Cqn13cZlmS9KYm91Nf9fwF4KjvbQekFBxHVw=="
    }
  }
}
